
Microsoft Visual Studio Solution File, Format Version 12.00
# Visual Studio 14
VisualStudioVersion = 14.0.25420.1
MinimumVisualStudioVersion = 10.0.40219.1
Project("{FAE04EC0-301F-11D3-BF4B-00C04F79EFBC}") = "EngageSpeakers", "EngageSpeakers\EngageSpeakers\EngageSpeakers.csproj", "{8019C4CB-16CD-4613-91C2-8890498A2EB8}"
EndProject
Project("{FAE04EC0-301F-11D3-BF4B-00C04F79EFBC}") = "EngageSpeakers.Droid", "EngageSpeakers\EngageSpeakers.Droid\EngageSpeakers.Droid.csproj", "{33E4C964-28F6-4B18-ACB8-EEDEC2A6399B}"
EndProject
Project("{FAE04EC0-301F-11D3-BF4B-00C04F79EFBC}") = "EngageSpeakers.iOS", "EngageSpeakers\EngageSpeakers.iOS\EngageSpeakers.iOS.csproj", "{9597CB78-34C5-4A5F-98ED-02A7131EEF9C}"
EndProject
Project("{FAE04EC0-301F-11D3-BF4B-00C04F79EFBC}") = "EngageSpeakers.WinPhone", "EngageSpeakers\EngageSpeakers.WinPhone\EngageSpeakers.WinPhone.csproj", "{6CFB9B7A-7544-4978-AD65-993A9121AB57}"
EndProject
Project("{FAE04EC0-301F-11D3-BF4B-00C04F79EFBC}") = "EngageSpeakers.Windows", "EngageSpeakers\EngageSpeakers.Windows\EngageSpeakers.Windows.csproj", "{86CA1474-2127-4E8A-A749-559793505B7F}"
EndProject
Global
	GlobalSection(SolutionConfigurationPlatforms) = preSolution
		Ad-Hoc|Any CPU = Ad-Hoc|Any CPU
		Ad-Hoc|ARM = Ad-Hoc|ARM
		Ad-Hoc|iPhone = Ad-Hoc|iPhone
		Ad-Hoc|iPhoneSimulator = Ad-Hoc|iPhoneSimulator
		Ad-Hoc|x64 = Ad-Hoc|x64
		Ad-Hoc|x86 = Ad-Hoc|x86
		AppStore|Any CPU = AppStore|Any CPU
		AppStore|ARM = AppStore|ARM
		AppStore|iPhone = AppStore|iPhone
		AppStore|iPhoneSimulator = AppStore|iPhoneSimulator
		AppStore|x64 = AppStore|x64
		AppStore|x86 = AppStore|x86
		Debug|Any CPU = Debug|Any CPU
		Debug|ARM = Debug|ARM
		Debug|iPhone = Debug|iPhone
		Debug|iPhoneSimulator = Debug|iPhoneSimulator
		Debug|x64 = Debug|x64
		Debug|x86 = Debug|x86
		Release|Any CPU = Release|Any CPU
		Release|ARM = Release|ARM
		Release|iPhone = Release|iPhone
		Release|iPhoneSimulator = Release|iPhoneSimulator
		Release|x64 = Release|x64
		Release|x86 = Release|x86
	EndGlobalSection
	GlobalSection(ProjectConfigurationPlatforms) = postSolution
		{8019C4CB-16CD-4613-91C2-8890498A2EB8}.Ad-Hoc|Any CPU.ActiveCfg = Release|Any CPU
		{8019C4CB-16CD-4613-91C2-8890498A2EB8}.Ad-Hoc|Any CPU.Build.0 = Release|Any CPU
		{8019C4CB-16CD-4613-91C2-8890498A2EB8}.Ad-Hoc|ARM.ActiveCfg = Release|Any CPU
		{8019C4CB-16CD-4613-91C2-8890498A2EB8}.Ad-Hoc|ARM.Build.0 = Release|Any CPU
		{8019C4CB-16CD-4613-91C2-8890498A2EB8}.Ad-Hoc|iPhone.ActiveCfg = Release|Any CPU
		{8019C4CB-16CD-4613-91C2-8890498A2EB8}.Ad-Hoc|iPhone.Build.0 = Release|Any CPU
		{8019C4CB-16CD-4613-91C2-8890498A2EB8}.Ad-Hoc|iPhoneSimulator.ActiveCfg = Release|Any CPU
		{8019C4CB-16CD-4613-91C2-8890498A2EB8}.Ad-Hoc|iPhoneSimulator.Build.0 = Release|Any CPU
		{8019C4CB-16CD-4613-91C2-8890498A2EB8}.Ad-Hoc|x64.ActiveCfg = Release|Any CPU
		{8019C4CB-16CD-4613-91C2-8890498A2EB8}.Ad-Hoc|x64.Build.0 = Release|Any CPU
		{8019C4CB-16CD-4613-91C2-8890498A2EB8}.Ad-Hoc|x86.ActiveCfg = Release|Any CPU
		{8019C4CB-16CD-4613-91C2-8890498A2EB8}.Ad-Hoc|x86.Build.0 = Release|Any CPU
		{8019C4CB-16CD-4613-91C2-8890498A2EB8}.AppStore|Any CPU.ActiveCfg = Release|Any CPU
		{8019C4CB-16CD-4613-91C2-8890498A2EB8}.AppStore|Any CPU.Build.0 = Release|Any CPU
		{8019C4CB-16CD-4613-91C2-8890498A2EB8}.AppStore|ARM.ActiveCfg = Release|Any CPU
		{8019C4CB-16CD-4613-91C2-8890498A2EB8}.AppStore|ARM.Build.0 = Release|Any CPU
		{8019C4CB-16CD-4613-91C2-8890498A2EB8}.AppStore|iPhone.ActiveCfg = Release|Any CPU
		{8019C4CB-16CD-4613-91C2-8890498A2EB8}.AppStore|iPhone.Build.0 = Release|Any CPU
		{8019C4CB-16CD-4613-91C2-8890498A2EB8}.AppStore|iPhoneSimulator.ActiveCfg = Release|Any CPU
		{8019C4CB-16CD-4613-91C2-8890498A2EB8}.AppStore|iPhoneSimulator.Build.0 = Release|Any CPU
		{8019C4CB-16CD-4613-91C2-8890498A2EB8}.AppStore|x64.ActiveCfg = Release|Any CPU
		{8019C4CB-16CD-4613-91C2-8890498A2EB8}.AppStore|x64.Build.0 = Release|Any CPU
		{8019C4CB-16CD-4613-91C2-8890498A2EB8}.AppStore|x86.ActiveCfg = Release|Any CPU
		{8019C4CB-16CD-4613-91C2-8890498A2EB8}.AppStore|x86.Build.0 = Release|Any CPU
		{8019C4CB-16CD-4613-91C2-8890498A2EB8}.Debug|Any CPU.ActiveCfg = Debug|Any CPU
		{8019C4CB-16CD-4613-91C2-8890498A2EB8}.Debug|Any CPU.Build.0 = Debug|Any CPU
		{8019C4CB-16CD-4613-91C2-8890498A2EB8}.Debug|ARM.ActiveCfg = Debug|Any CPU
		{8019C4CB-16CD-4613-91C2-8890498A2EB8}.Debug|ARM.Build.0 = Debug|Any CPU
		{8019C4CB-16CD-4613-91C2-8890498A2EB8}.Debug|iPhone.ActiveCfg = Debug|Any CPU
		{8019C4CB-16CD-4613-91C2-8890498A2EB8}.Debug|iPhone.Build.0 = Debug|Any CPU
		{8019C4CB-16CD-4613-91C2-8890498A2EB8}.Debug|iPhoneSimulator.ActiveCfg = Debug|Any CPU
		{8019C4CB-16CD-4613-91C2-8890498A2EB8}.Debug|iPhoneSimulator.Build.0 = Debug|Any CPU
		{8019C4CB-16CD-4613-91C2-8890498A2EB8}.Debug|x64.ActiveCfg = Debug|Any CPU
		{8019C4CB-16CD-4613-91C2-8890498A2EB8}.Debug|x64.Build.0 = Debug|Any CPU
		{8019C4CB-16CD-4613-91C2-8890498A2EB8}.Debug|x86.ActiveCfg = Debug|Any CPU
		{8019C4CB-16CD-4613-91C2-8890498A2EB8}.Debug|x86.Build.0 = Debug|Any CPU
		{8019C4CB-16CD-4613-91C2-8890498A2EB8}.Release|Any CPU.ActiveCfg = Release|Any CPU
		{8019C4CB-16CD-4613-91C2-8890498A2EB8}.Release|Any CPU.Build.0 = Release|Any CPU
		{8019C4CB-16CD-4613-91C2-8890498A2EB8}.Release|ARM.ActiveCfg = Release|Any CPU
		{8019C4CB-16CD-4613-91C2-8890498A2EB8}.Release|ARM.Build.0 = Release|Any CPU
		{8019C4CB-16CD-4613-91C2-8890498A2EB8}.Release|iPhone.ActiveCfg = Release|Any CPU
		{8019C4CB-16CD-4613-91C2-8890498A2EB8}.Release|iPhone.Build.0 = Release|Any CPU
		{8019C4CB-16CD-4613-91C2-8890498A2EB8}.Release|iPhoneSimulator.ActiveCfg = Release|Any CPU
		{8019C4CB-16CD-4613-91C2-8890498A2EB8}.Release|iPhoneSimulator.Build.0 = Release|Any CPU
		{8019C4CB-16CD-4613-91C2-8890498A2EB8}.Release|x64.ActiveCfg = Release|Any CPU
		{8019C4CB-16CD-4613-91C2-8890498A2EB8}.Release|x64.Build.0 = Release|Any CPU
		{8019C4CB-16CD-4613-91C2-8890498A2EB8}.Release|x86.ActiveCfg = Release|Any CPU
		{8019C4CB-16CD-4613-91C2-8890498A2EB8}.Release|x86.Build.0 = Release|Any CPU
		{33E4C964-28F6-4B18-ACB8-EEDEC2A6399B}.Ad-Hoc|Any CPU.ActiveCfg = Release|Any CPU
		{33E4C964-28F6-4B18-ACB8-EEDEC2A6399B}.Ad-Hoc|Any CPU.Build.0 = Release|Any CPU
		{33E4C964-28F6-4B18-ACB8-EEDEC2A6399B}.Ad-Hoc|Any CPU.Deploy.0 = Release|Any CPU
		{33E4C964-28F6-4B18-ACB8-EEDEC2A6399B}.Ad-Hoc|ARM.ActiveCfg = Release|Any CPU
		{33E4C964-28F6-4B18-ACB8-EEDEC2A6399B}.Ad-Hoc|ARM.Build.0 = Release|Any CPU
		{33E4C964-28F6-4B18-ACB8-EEDEC2A6399B}.Ad-Hoc|ARM.Deploy.0 = Release|Any CPU
		{33E4C964-28F6-4B18-ACB8-EEDEC2A6399B}.Ad-Hoc|iPhone.ActiveCfg = Release|Any CPU
		{33E4C964-28F6-4B18-ACB8-EEDEC2A6399B}.Ad-Hoc|iPhone.Build.0 = Release|Any CPU
		{33E4C964-28F6-4B18-ACB8-EEDEC2A6399B}.Ad-Hoc|iPhone.Deploy.0 = Release|Any CPU
		{33E4C964-28F6-4B18-ACB8-EEDEC2A6399B}.Ad-Hoc|iPhoneSimulator.ActiveCfg = Release|Any CPU
		{33E4C964-28F6-4B18-ACB8-EEDEC2A6399B}.Ad-Hoc|iPhoneSimulator.Build.0 = Release|Any CPU
		{33E4C964-28F6-4B18-ACB8-EEDEC2A6399B}.Ad-Hoc|iPhoneSimulator.Deploy.0 = Release|Any CPU
		{33E4C964-28F6-4B18-ACB8-EEDEC2A6399B}.Ad-Hoc|x64.ActiveCfg = Release|Any CPU
		{33E4C964-28F6-4B18-ACB8-EEDEC2A6399B}.Ad-Hoc|x64.Build.0 = Release|Any CPU
		{33E4C964-28F6-4B18-ACB8-EEDEC2A6399B}.Ad-Hoc|x64.Deploy.0 = Release|Any CPU
		{33E4C964-28F6-4B18-ACB8-EEDEC2A6399B}.Ad-Hoc|x86.ActiveCfg = Release|Any CPU
		{33E4C964-28F6-4B18-ACB8-EEDEC2A6399B}.Ad-Hoc|x86.Build.0 = Release|Any CPU
		{33E4C964-28F6-4B18-ACB8-EEDEC2A6399B}.Ad-Hoc|x86.Deploy.0 = Release|Any CPU
		{33E4C964-28F6-4B18-ACB8-EEDEC2A6399B}.AppStore|Any CPU.ActiveCfg = Release|Any CPU
		{33E4C964-28F6-4B18-ACB8-EEDEC2A6399B}.AppStore|Any CPU.Build.0 = Release|Any CPU
		{33E4C964-28F6-4B18-ACB8-EEDEC2A6399B}.AppStore|Any CPU.Deploy.0 = Release|Any CPU
		{33E4C964-28F6-4B18-ACB8-EEDEC2A6399B}.AppStore|ARM.ActiveCfg = Release|Any CPU
		{33E4C964-28F6-4B18-ACB8-EEDEC2A6399B}.AppStore|ARM.Build.0 = Release|Any CPU
		{33E4C964-28F6-4B18-ACB8-EEDEC2A6399B}.AppStore|ARM.Deploy.0 = Release|Any CPU
		{33E4C964-28F6-4B18-ACB8-EEDEC2A6399B}.AppStore|iPhone.ActiveCfg = Release|Any CPU
		{33E4C964-28F6-4B18-ACB8-EEDEC2A6399B}.AppStore|iPhone.Build.0 = Release|Any CPU
		{33E4C964-28F6-4B18-ACB8-EEDEC2A6399B}.AppStore|iPhone.Deploy.0 = Release|Any CPU
		{33E4C964-28F6-4B18-ACB8-EEDEC2A6399B}.AppStore|iPhoneSimulator.ActiveCfg = Release|Any CPU
		{33E4C964-28F6-4B18-ACB8-EEDEC2A6399B}.AppStore|iPhoneSimulator.Build.0 = Release|Any CPU
		{33E4C964-28F6-4B18-ACB8-EEDEC2A6399B}.AppStore|iPhoneSimulator.Deploy.0 = Release|Any CPU
		{33E4C964-28F6-4B18-ACB8-EEDEC2A6399B}.AppStore|x64.ActiveCfg = Release|Any CPU
		{33E4C964-28F6-4B18-ACB8-EEDEC2A6399B}.AppStore|x64.Build.0 = Release|Any CPU
		{33E4C964-28F6-4B18-ACB8-EEDEC2A6399B}.AppStore|x64.Deploy.0 = Release|Any CPU
		{33E4C964-28F6-4B18-ACB8-EEDEC2A6399B}.AppStore|x86.ActiveCfg = Release|Any CPU
		{33E4C964-28F6-4B18-ACB8-EEDEC2A6399B}.AppStore|x86.Build.0 = Release|Any CPU
		{33E4C964-28F6-4B18-ACB8-EEDEC2A6399B}.AppStore|x86.Deploy.0 = Release|Any CPU
		{33E4C964-28F6-4B18-ACB8-EEDEC2A6399B}.Debug|Any CPU.ActiveCfg = Debug|Any CPU
		{33E4C964-28F6-4B18-ACB8-EEDEC2A6399B}.Debug|Any CPU.Build.0 = Debug|Any CPU
		{33E4C964-28F6-4B18-ACB8-EEDEC2A6399B}.Debug|Any CPU.Deploy.0 = Debug|Any CPU
		{33E4C964-28F6-4B18-ACB8-EEDEC2A6399B}.Debug|ARM.ActiveCfg = Debug|Any CPU
		{33E4C964-28F6-4B18-ACB8-EEDEC2A6399B}.Debug|ARM.Build.0 = Debug|Any CPU
		{33E4C964-28F6-4B18-ACB8-EEDEC2A6399B}.Debug|ARM.Deploy.0 = Debug|Any CPU
		{33E4C964-28F6-4B18-ACB8-EEDEC2A6399B}.Debug|iPhone.ActiveCfg = Debug|Any CPU
		{33E4C964-28F6-4B18-ACB8-EEDEC2A6399B}.Debug|iPhone.Build.0 = Debug|Any CPU
		{33E4C964-28F6-4B18-ACB8-EEDEC2A6399B}.Debug|iPhone.Deploy.0 = Debug|Any CPU
		{33E4C964-28F6-4B18-ACB8-EEDEC2A6399B}.Debug|iPhoneSimulator.ActiveCfg = Debug|Any CPU
		{33E4C964-28F6-4B18-ACB8-EEDEC2A6399B}.Debug|iPhoneSimulator.Build.0 = Debug|Any CPU
		{33E4C964-28F6-4B18-ACB8-EEDEC2A6399B}.Debug|iPhoneSimulator.Deploy.0 = Debug|Any CPU
		{33E4C964-28F6-4B18-ACB8-EEDEC2A6399B}.Debug|x64.ActiveCfg = Debug|Any CPU
		{33E4C964-28F6-4B18-ACB8-EEDEC2A6399B}.Debug|x64.Build.0 = Debug|Any CPU
		{33E4C964-28F6-4B18-ACB8-EEDEC2A6399B}.Debug|x64.Deploy.0 = Debug|Any CPU
		{33E4C964-28F6-4B18-ACB8-EEDEC2A6399B}.Debug|x86.ActiveCfg = Debug|Any CPU
		{33E4C964-28F6-4B18-ACB8-EEDEC2A6399B}.Debug|x86.Build.0 = Debug|Any CPU
		{33E4C964-28F6-4B18-ACB8-EEDEC2A6399B}.Debug|x86.Deploy.0 = Debug|Any CPU
		{33E4C964-28F6-4B18-ACB8-EEDEC2A6399B}.Release|Any CPU.ActiveCfg = Release|Any CPU
		{33E4C964-28F6-4B18-ACB8-EEDEC2A6399B}.Release|Any CPU.Build.0 = Release|Any CPU
		{33E4C964-28F6-4B18-ACB8-EEDEC2A6399B}.Release|Any CPU.Deploy.0 = Release|Any CPU
		{33E4C964-28F6-4B18-ACB8-EEDEC2A6399B}.Release|ARM.ActiveCfg = Release|Any CPU
		{33E4C964-28F6-4B18-ACB8-EEDEC2A6399B}.Release|ARM.Build.0 = Release|Any CPU
		{33E4C964-28F6-4B18-ACB8-EEDEC2A6399B}.Release|ARM.Deploy.0 = Release|Any CPU
		{33E4C964-28F6-4B18-ACB8-EEDEC2A6399B}.Release|iPhone.ActiveCfg = Release|Any CPU
		{33E4C964-28F6-4B18-ACB8-EEDEC2A6399B}.Release|iPhone.Build.0 = Release|Any CPU
		{33E4C964-28F6-4B18-ACB8-EEDEC2A6399B}.Release|iPhone.Deploy.0 = Release|Any CPU
		{33E4C964-28F6-4B18-ACB8-EEDEC2A6399B}.Release|iPhoneSimulator.ActiveCfg = Release|Any CPU
		{33E4C964-28F6-4B18-ACB8-EEDEC2A6399B}.Release|iPhoneSimulator.Build.0 = Release|Any CPU
		{33E4C964-28F6-4B18-ACB8-EEDEC2A6399B}.Release|iPhoneSimulator.Deploy.0 = Release|Any CPU
		{33E4C964-28F6-4B18-ACB8-EEDEC2A6399B}.Release|x64.ActiveCfg = Release|Any CPU
		{33E4C964-28F6-4B18-ACB8-EEDEC2A6399B}.Release|x64.Build.0 = Release|Any CPU
		{33E4C964-28F6-4B18-ACB8-EEDEC2A6399B}.Release|x64.Deploy.0 = Release|Any CPU
		{33E4C964-28F6-4B18-ACB8-EEDEC2A6399B}.Release|x86.ActiveCfg = Release|Any CPU
		{33E4C964-28F6-4B18-ACB8-EEDEC2A6399B}.Release|x86.Build.0 = Release|Any CPU
		{33E4C964-28F6-4B18-ACB8-EEDEC2A6399B}.Release|x86.Deploy.0 = Release|Any CPU
		{9597CB78-34C5-4A5F-98ED-02A7131EEF9C}.Ad-Hoc|Any CPU.ActiveCfg = Ad-Hoc|iPhone
		{9597CB78-34C5-4A5F-98ED-02A7131EEF9C}.Ad-Hoc|ARM.ActiveCfg = Ad-Hoc|iPhone
		{9597CB78-34C5-4A5F-98ED-02A7131EEF9C}.Ad-Hoc|iPhone.ActiveCfg = Ad-Hoc|iPhone
		{9597CB78-34C5-4A5F-98ED-02A7131EEF9C}.Ad-Hoc|iPhone.Build.0 = Ad-Hoc|iPhone
		{9597CB78-34C5-4A5F-98ED-02A7131EEF9C}.Ad-Hoc|iPhoneSimulator.ActiveCfg = Ad-Hoc|iPhoneSimulator
		{9597CB78-34C5-4A5F-98ED-02A7131EEF9C}.Ad-Hoc|iPhoneSimulator.Build.0 = Ad-Hoc|iPhoneSimulator
		{9597CB78-34C5-4A5F-98ED-02A7131EEF9C}.Ad-Hoc|x64.ActiveCfg = Ad-Hoc|iPhone
		{9597CB78-34C5-4A5F-98ED-02A7131EEF9C}.Ad-Hoc|x86.ActiveCfg = Ad-Hoc|iPhone
		{9597CB78-34C5-4A5F-98ED-02A7131EEF9C}.AppStore|Any CPU.ActiveCfg = AppStore|iPhone
		{9597CB78-34C5-4A5F-98ED-02A7131EEF9C}.AppStore|ARM.ActiveCfg = AppStore|iPhone
		{9597CB78-34C5-4A5F-98ED-02A7131EEF9C}.AppStore|iPhone.ActiveCfg = AppStore|iPhone
		{9597CB78-34C5-4A5F-98ED-02A7131EEF9C}.AppStore|iPhone.Build.0 = AppStore|iPhone
		{9597CB78-34C5-4A5F-98ED-02A7131EEF9C}.AppStore|iPhoneSimulator.ActiveCfg = AppStore|iPhoneSimulator
		{9597CB78-34C5-4A5F-98ED-02A7131EEF9C}.AppStore|iPhoneSimulator.Build.0 = AppStore|iPhoneSimulator
		{9597CB78-34C5-4A5F-98ED-02A7131EEF9C}.AppStore|x64.ActiveCfg = AppStore|iPhone
		{9597CB78-34C5-4A5F-98ED-02A7131EEF9C}.AppStore|x86.ActiveCfg = AppStore|iPhone
		{9597CB78-34C5-4A5F-98ED-02A7131EEF9C}.Debug|Any CPU.ActiveCfg = Debug|iPhone
		{9597CB78-34C5-4A5F-98ED-02A7131EEF9C}.Debug|ARM.ActiveCfg = Debug|iPhone
		{9597CB78-34C5-4A5F-98ED-02A7131EEF9C}.Debug|iPhone.ActiveCfg = Debug|iPhone
		{9597CB78-34C5-4A5F-98ED-02A7131EEF9C}.Debug|iPhone.Build.0 = Debug|iPhone
		{9597CB78-34C5-4A5F-98ED-02A7131EEF9C}.Debug|iPhoneSimulator.ActiveCfg = Debug|iPhoneSimulator
		{9597CB78-34C5-4A5F-98ED-02A7131EEF9C}.Debug|iPhoneSimulator.Build.0 = Debug|iPhoneSimulator
		{9597CB78-34C5-4A5F-98ED-02A7131EEF9C}.Debug|x64.ActiveCfg = Debug|iPhone
		{9597CB78-34C5-4A5F-98ED-02A7131EEF9C}.Debug|x86.ActiveCfg = Debug|iPhone
		{9597CB78-34C5-4A5F-98ED-02A7131EEF9C}.Release|Any CPU.ActiveCfg = Release|iPhone
		{9597CB78-34C5-4A5F-98ED-02A7131EEF9C}.Release|ARM.ActiveCfg = Release|iPhone
		{9597CB78-34C5-4A5F-98ED-02A7131EEF9C}.Release|iPhone.ActiveCfg = Release|iPhone
		{9597CB78-34C5-4A5F-98ED-02A7131EEF9C}.Release|iPhone.Build.0 = Release|iPhone
		{9597CB78-34C5-4A5F-98ED-02A7131EEF9C}.Release|iPhoneSimulator.ActiveCfg = Release|iPhoneSimulator
		{9597CB78-34C5-4A5F-98ED-02A7131EEF9C}.Release|iPhoneSimulator.Build.0 = Release|iPhoneSimulator
		{9597CB78-34C5-4A5F-98ED-02A7131EEF9C}.Release|x64.ActiveCfg = Release|iPhone
		{9597CB78-34C5-4A5F-98ED-02A7131EEF9C}.Release|x86.ActiveCfg = Release|iPhone
		{6CFB9B7A-7544-4978-AD65-993A9121AB57}.Ad-Hoc|Any CPU.ActiveCfg = Release|Any CPU
		{6CFB9B7A-7544-4978-AD65-993A9121AB57}.Ad-Hoc|Any CPU.Build.0 = Release|Any CPU
		{6CFB9B7A-7544-4978-AD65-993A9121AB57}.Ad-Hoc|Any CPU.Deploy.0 = Release|Any CPU
		{6CFB9B7A-7544-4978-AD65-993A9121AB57}.Ad-Hoc|ARM.ActiveCfg = Release|ARM
		{6CFB9B7A-7544-4978-AD65-993A9121AB57}.Ad-Hoc|ARM.Build.0 = Release|ARM
		{6CFB9B7A-7544-4978-AD65-993A9121AB57}.Ad-Hoc|ARM.Deploy.0 = Release|ARM
		{6CFB9B7A-7544-4978-AD65-993A9121AB57}.Ad-Hoc|iPhone.ActiveCfg = Release|Any CPU
		{6CFB9B7A-7544-4978-AD65-993A9121AB57}.Ad-Hoc|iPhone.Build.0 = Release|Any CPU
		{6CFB9B7A-7544-4978-AD65-993A9121AB57}.Ad-Hoc|iPhone.Deploy.0 = Release|Any CPU
		{6CFB9B7A-7544-4978-AD65-993A9121AB57}.Ad-Hoc|iPhoneSimulator.ActiveCfg = Release|Any CPU
		{6CFB9B7A-7544-4978-AD65-993A9121AB57}.Ad-Hoc|iPhoneSimulator.Build.0 = Release|Any CPU
		{6CFB9B7A-7544-4978-AD65-993A9121AB57}.Ad-Hoc|iPhoneSimulator.Deploy.0 = Release|Any CPU
		{6CFB9B7A-7544-4978-AD65-993A9121AB57}.Ad-Hoc|x64.ActiveCfg = Release|Any CPU
		{6CFB9B7A-7544-4978-AD65-993A9121AB57}.Ad-Hoc|x64.Build.0 = Release|Any CPU
		{6CFB9B7A-7544-4978-AD65-993A9121AB57}.Ad-Hoc|x64.Deploy.0 = Release|Any CPU
		{6CFB9B7A-7544-4978-AD65-993A9121AB57}.Ad-Hoc|x86.ActiveCfg = Release|x86
		{6CFB9B7A-7544-4978-AD65-993A9121AB57}.Ad-Hoc|x86.Build.0 = Release|x86
		{6CFB9B7A-7544-4978-AD65-993A9121AB57}.Ad-Hoc|x86.Deploy.0 = Release|x86
		{6CFB9B7A-7544-4978-AD65-993A9121AB57}.AppStore|Any CPU.ActiveCfg = Release|Any CPU
		{6CFB9B7A-7544-4978-AD65-993A9121AB57}.AppStore|Any CPU.Build.0 = Release|Any CPU
		{6CFB9B7A-7544-4978-AD65-993A9121AB57}.AppStore|Any CPU.Deploy.0 = Release|Any CPU
		{6CFB9B7A-7544-4978-AD65-993A9121AB57}.AppStore|ARM.ActiveCfg = Release|ARM
		{6CFB9B7A-7544-4978-AD65-993A9121AB57}.AppStore|ARM.Build.0 = Release|ARM
		{6CFB9B7A-7544-4978-AD65-993A9121AB57}.AppStore|ARM.Deploy.0 = Release|ARM
		{6CFB9B7A-7544-4978-AD65-993A9121AB57}.AppStore|iPhone.ActiveCfg = Release|Any CPU
		{6CFB9B7A-7544-4978-AD65-993A9121AB57}.AppStore|iPhone.Build.0 = Release|Any CPU
		{6CFB9B7A-7544-4978-AD65-993A9121AB57}.AppStore|iPhone.Deploy.0 = Release|Any CPU
		{6CFB9B7A-7544-4978-AD65-993A9121AB57}.AppStore|iPhoneSimulator.ActiveCfg = Release|Any CPU
		{6CFB9B7A-7544-4978-AD65-993A9121AB57}.AppStore|iPhoneSimulator.Build.0 = Release|Any CPU
		{6CFB9B7A-7544-4978-AD65-993A9121AB57}.AppStore|iPhoneSimulator.Deploy.0 = Release|Any CPU
		{6CFB9B7A-7544-4978-AD65-993A9121AB57}.AppStore|x64.ActiveCfg = Release|Any CPU
		{6CFB9B7A-7544-4978-AD65-993A9121AB57}.AppStore|x64.Build.0 = Release|Any CPU
		{6CFB9B7A-7544-4978-AD65-993A9121AB57}.AppStore|x64.Deploy.0 = Release|Any CPU
		{6CFB9B7A-7544-4978-AD65-993A9121AB57}.AppStore|x86.ActiveCfg = Release|x86
		{6CFB9B7A-7544-4978-AD65-993A9121AB57}.AppStore|x86.Build.0 = Release|x86
		{6CFB9B7A-7544-4978-AD65-993A9121AB57}.AppStore|x86.Deploy.0 = Release|x86
		{6CFB9B7A-7544-4978-AD65-993A9121AB57}.Debug|Any CPU.ActiveCfg = Debug|Any CPU
		{6CFB9B7A-7544-4978-AD65-993A9121AB57}.Debug|Any CPU.Build.0 = Debug|Any CPU
		{6CFB9B7A-7544-4978-AD65-993A9121AB57}.Debug|Any CPU.Deploy.0 = Debug|Any CPU
		{6CFB9B7A-7544-4978-AD65-993A9121AB57}.Debug|ARM.ActiveCfg = Debug|ARM
		{6CFB9B7A-7544-4978-AD65-993A9121AB57}.Debug|ARM.Build.0 = Debug|ARM
		{6CFB9B7A-7544-4978-AD65-993A9121AB57}.Debug|ARM.Deploy.0 = Debug|ARM
		{6CFB9B7A-7544-4978-AD65-993A9121AB57}.Debug|iPhone.ActiveCfg = Debug|Any CPU
		{6CFB9B7A-7544-4978-AD65-993A9121AB57}.Debug|iPhone.Build.0 = Debug|Any CPU
		{6CFB9B7A-7544-4978-AD65-993A9121AB57}.Debug|iPhone.Deploy.0 = Debug|Any CPU
		{6CFB9B7A-7544-4978-AD65-993A9121AB57}.Debug|iPhoneSimulator.ActiveCfg = Debug|Any CPU
		{6CFB9B7A-7544-4978-AD65-993A9121AB57}.Debug|iPhoneSimulator.Build.0 = Debug|Any CPU
		{6CFB9B7A-7544-4978-AD65-993A9121AB57}.Debug|iPhoneSimulator.Deploy.0 = Debug|Any CPU
		{6CFB9B7A-7544-4978-AD65-993A9121AB57}.Debug|x64.ActiveCfg = Debug|Any CPU
		{6CFB9B7A-7544-4978-AD65-993A9121AB57}.Debug|x64.Build.0 = Debug|Any CPU
		{6CFB9B7A-7544-4978-AD65-993A9121AB57}.Debug|x64.Deploy.0 = Debug|Any CPU
		{6CFB9B7A-7544-4978-AD65-993A9121AB57}.Debug|x86.ActiveCfg = Debug|x86
		{6CFB9B7A-7544-4978-AD65-993A9121AB57}.Debug|x86.Build.0 = Debug|x86
		{6CFB9B7A-7544-4978-AD65-993A9121AB57}.Debug|x86.Deploy.0 = Debug|x86
		{6CFB9B7A-7544-4978-AD65-993A9121AB57}.Release|Any CPU.ActiveCfg = Release|Any CPU
		{6CFB9B7A-7544-4978-AD65-993A9121AB57}.Release|Any CPU.Build.0 = Release|Any CPU
		{6CFB9B7A-7544-4978-AD65-993A9121AB57}.Release|Any CPU.Deploy.0 = Release|Any CPU
		{6CFB9B7A-7544-4978-AD65-993A9121AB57}.Release|ARM.ActiveCfg = Release|ARM
		{6CFB9B7A-7544-4978-AD65-993A9121AB57}.Release|ARM.Build.0 = Release|ARM
		{6CFB9B7A-7544-4978-AD65-993A9121AB57}.Release|ARM.Deploy.0 = Release|ARM
		{6CFB9B7A-7544-4978-AD65-993A9121AB57}.Release|iPhone.ActiveCfg = Release|Any CPU
		{6CFB9B7A-7544-4978-AD65-993A9121AB57}.Release|iPhone.Build.0 = Release|Any CPU
		{6CFB9B7A-7544-4978-AD65-993A9121AB57}.Release|iPhone.Deploy.0 = Release|Any CPU
		{6CFB9B7A-7544-4978-AD65-993A9121AB57}.Release|iPhoneSimulator.ActiveCfg = Release|Any CPU
		{6CFB9B7A-7544-4978-AD65-993A9121AB57}.Release|iPhoneSimulator.Build.0 = Release|Any CPU
		{6CFB9B7A-7544-4978-AD65-993A9121AB57}.Release|iPhoneSimulator.Deploy.0 = Release|Any CPU
		{6CFB9B7A-7544-4978-AD65-993A9121AB57}.Release|x64.ActiveCfg = Release|Any CPU
		{6CFB9B7A-7544-4978-AD65-993A9121AB57}.Release|x64.Build.0 = Release|Any CPU
		{6CFB9B7A-7544-4978-AD65-993A9121AB57}.Release|x64.Deploy.0 = Release|Any CPU
		{6CFB9B7A-7544-4978-AD65-993A9121AB57}.Release|x86.ActiveCfg = Release|x86
		{6CFB9B7A-7544-4978-AD65-993A9121AB57}.Release|x86.Build.0 = Release|x86
		{6CFB9B7A-7544-4978-AD65-993A9121AB57}.Release|x86.Deploy.0 = Release|x86
		{86CA1474-2127-4E8A-A749-559793505B7F}.Ad-Hoc|Any CPU.ActiveCfg = Release|Any CPU
		{86CA1474-2127-4E8A-A749-559793505B7F}.Ad-Hoc|Any CPU.Build.0 = Release|Any CPU
		{86CA1474-2127-4E8A-A749-559793505B7F}.Ad-Hoc|Any CPU.Deploy.0 = Release|Any CPU
		{86CA1474-2127-4E8A-A749-559793505B7F}.Ad-Hoc|ARM.ActiveCfg = Release|ARM
		{86CA1474-2127-4E8A-A749-559793505B7F}.Ad-Hoc|ARM.Build.0 = Release|ARM
		{86CA1474-2127-4E8A-A749-559793505B7F}.Ad-Hoc|ARM.Deploy.0 = Release|ARM
		{86CA1474-2127-4E8A-A749-559793505B7F}.Ad-Hoc|iPhone.ActiveCfg = Release|Any CPU
		{86CA1474-2127-4E8A-A749-559793505B7F}.Ad-Hoc|iPhone.Build.0 = Release|Any CPU
		{86CA1474-2127-4E8A-A749-559793505B7F}.Ad-Hoc|iPhone.Deploy.0 = Release|Any CPU
		{86CA1474-2127-4E8A-A749-559793505B7F}.Ad-Hoc|iPhoneSimulator.ActiveCfg = Release|Any CPU
		{86CA1474-2127-4E8A-A749-559793505B7F}.Ad-Hoc|iPhoneSimulator.Build.0 = Release|Any CPU
		{86CA1474-2127-4E8A-A749-559793505B7F}.Ad-Hoc|iPhoneSimulator.Deploy.0 = Release|Any CPU
		{86CA1474-2127-4E8A-A749-559793505B7F}.Ad-Hoc|x64.ActiveCfg = Release|x64
		{86CA1474-2127-4E8A-A749-559793505B7F}.Ad-Hoc|x64.Build.0 = Release|x64
		{86CA1474-2127-4E8A-A749-559793505B7F}.Ad-Hoc|x64.Deploy.0 = Release|x64
		{86CA1474-2127-4E8A-A749-559793505B7F}.Ad-Hoc|x86.ActiveCfg = Release|x86
		{86CA1474-2127-4E8A-A749-559793505B7F}.Ad-Hoc|x86.Build.0 = Release|x86
		{86CA1474-2127-4E8A-A749-559793505B7F}.Ad-Hoc|x86.Deploy.0 = Release|x86
		{86CA1474-2127-4E8A-A749-559793505B7F}.AppStore|Any CPU.ActiveCfg = Release|Any CPU
		{86CA1474-2127-4E8A-A749-559793505B7F}.AppStore|Any CPU.Build.0 = Release|Any CPU
		{86CA1474-2127-4E8A-A749-559793505B7F}.AppStore|Any CPU.Deploy.0 = Release|Any CPU
		{86CA1474-2127-4E8A-A749-559793505B7F}.AppStore|ARM.ActiveCfg = Release|ARM
		{86CA1474-2127-4E8A-A749-559793505B7F}.AppStore|ARM.Build.0 = Release|ARM
		{86CA1474-2127-4E8A-A749-559793505B7F}.AppStore|ARM.Deploy.0 = Release|ARM
		{86CA1474-2127-4E8A-A749-559793505B7F}.AppStore|iPhone.ActiveCfg = Release|Any CPU
		{86CA1474-2127-4E8A-A749-559793505B7F}.AppStore|iPhone.Build.0 = Release|Any CPU
		{86CA1474-2127-4E8A-A749-559793505B7F}.AppStore|iPhone.Deploy.0 = Release|Any CPU
		{86CA1474-2127-4E8A-A749-559793505B7F}.AppStore|iPhoneSimulator.ActiveCfg = Release|Any CPU
		{86CA1474-2127-4E8A-A749-559793505B7F}.AppStore|iPhoneSimulator.Build.0 = Release|Any CPU
		{86CA1474-2127-4E8A-A749-559793505B7F}.AppStore|iPhoneSimulator.Deploy.0 = Release|Any CPU
		{86CA1474-2127-4E8A-A749-559793505B7F}.AppStore|x64.ActiveCfg = Release|x64
		{86CA1474-2127-4E8A-A749-559793505B7F}.AppStore|x64.Build.0 = Release|x64
		{86CA1474-2127-4E8A-A749-559793505B7F}.AppStore|x64.Deploy.0 = Release|x64
		{86CA1474-2127-4E8A-A749-559793505B7F}.AppStore|x86.ActiveCfg = Release|x86
		{86CA1474-2127-4E8A-A749-559793505B7F}.AppStore|x86.Build.0 = Release|x86
		{86CA1474-2127-4E8A-A749-559793505B7F}.AppStore|x86.Deploy.0 = Release|x86
		{86CA1474-2127-4E8A-A749-559793505B7F}.Debug|Any CPU.ActiveCfg = Debug|Any CPU
		{86CA1474-2127-4E8A-A749-559793505B7F}.Debug|Any CPU.Build.0 = Debug|Any CPU
		{86CA1474-2127-4E8A-A749-559793505B7F}.Debug|Any CPU.Deploy.0 = Debug|Any CPU
		{86CA1474-2127-4E8A-A749-559793505B7F}.Debug|ARM.ActiveCfg = Debug|ARM
		{86CA1474-2127-4E8A-A749-559793505B7F}.Debug|ARM.Build.0 = Debug|ARM
		{86CA1474-2127-4E8A-A749-559793505B7F}.Debug|ARM.Deploy.0 = Debug|ARM
		{86CA1474-2127-4E8A-A749-559793505B7F}.Debug|iPhone.ActiveCfg = Debug|Any CPU
		{86CA1474-2127-4E8A-A749-559793505B7F}.Debug|iPhone.Build.0 = Debug|Any CPU
		{86CA1474-2127-4E8A-A749-559793505B7F}.Debug|iPhone.Deploy.0 = Debug|Any CPU
		{86CA1474-2127-4E8A-A749-559793505B7F}.Debug|iPhoneSimulator.ActiveCfg = Debug|Any CPU
		{86CA1474-2127-4E8A-A749-559793505B7F}.Debug|iPhoneSimulator.Build.0 = Debug|Any CPU
		{86CA1474-2127-4E8A-A749-559793505B7F}.Debug|iPhoneSimulator.Deploy.0 = Debug|Any CPU
		{86CA1474-2127-4E8A-A749-559793505B7F}.Debug|x64.ActiveCfg = Debug|x64
		{86CA1474-2127-4E8A-A749-559793505B7F}.Debug|x64.Build.0 = Debug|x64
		{86CA1474-2127-4E8A-A749-559793505B7F}.Debug|x64.Deploy.0 = Debug|x64
		{86CA1474-2127-4E8A-A749-559793505B7F}.Debug|x86.ActiveCfg = Debug|x86
		{86CA1474-2127-4E8A-A749-559793505B7F}.Debug|x86.Build.0 = Debug|x86
		{86CA1474-2127-4E8A-A749-559793505B7F}.Debug|x86.Deploy.0 = Debug|x86
		{86CA1474-2127-4E8A-A749-559793505B7F}.Release|Any CPU.ActiveCfg = Release|Any CPU
		{86CA1474-2127-4E8A-A749-559793505B7F}.Release|Any CPU.Build.0 = Release|Any CPU
		{86CA1474-2127-4E8A-A749-559793505B7F}.Release|Any CPU.Deploy.0 = Release|Any CPU
		{86CA1474-2127-4E8A-A749-559793505B7F}.Release|ARM.ActiveCfg = Release|ARM
		{86CA1474-2127-4E8A-A749-559793505B7F}.Release|ARM.Build.0 = Release|ARM
		{86CA1474-2127-4E8A-A749-559793505B7F}.Release|ARM.Deploy.0 = Release|ARM
		{86CA1474-2127-4E8A-A749-559793505B7F}.Release|iPhone.ActiveCfg = Release|Any CPU
		{86CA1474-2127-4E8A-A749-559793505B7F}.Release|iPhone.Build.0 = Release|Any CPU
		{86CA1474-2127-4E8A-A749-559793505B7F}.Release|iPhone.Deploy.0 = Release|Any CPU
		{86CA1474-2127-4E8A-A749-559793505B7F}.Release|iPhoneSimulator.ActiveCfg = Release|Any CPU
		{86CA1474-2127-4E8A-A749-559793505B7F}.Release|iPhoneSimulator.Build.0 = Release|Any CPU
		{86CA1474-2127-4E8A-A749-559793505B7F}.Release|iPhoneSimulator.Deploy.0 = Release|Any CPU
		{86CA1474-2127-4E8A-A749-559793505B7F}.Release|x64.ActiveCfg = Release|x64
		{86CA1474-2127-4E8A-A749-559793505B7F}.Release|x64.Build.0 = Release|x64
		{86CA1474-2127-4E8A-A749-559793505B7F}.Release|x64.Deploy.0 = Release|x64
		{86CA1474-2127-4E8A-A749-559793505B7F}.Release|x86.ActiveCfg = Release|x86
		{86CA1474-2127-4E8A-A749-559793505B7F}.Release|x86.Build.0 = Release|x86
		{86CA1474-2127-4E8A-A749-559793505B7F}.Release|x86.Deploy.0 = Release|x86
	EndGlobalSection
	GlobalSection(SolutionProperties) = preSolution
		HideSolutionNode = FALSE
	EndGlobalSection
EndGlobal
